
Microsoft Visual Studio Solution File, Format Version 12.00
# Visual Studio Version 17
VisualStudioVersion = 17.6.33829.357
MinimumVisualStudioVersion = 10.0.40219.1
Project("{FAE04EC0-301F-11D3-BF4B-00C04F79EFBC}") = "Edda", "Edda.csproj", "{91A81CDF-F3D6-498F-A0DF-896610306219}"
EndProject
Global
	GlobalSection(SolutionConfigurationPlatforms) = preSolution
		Debug|Any CPU = Debug|Any CPU
		Release|Any CPU = Release|Any CPU
	EndGlobalSection
	GlobalSection(ProjectConfigurationPlatforms) = postSolution
		{91A81CDF-F3D6-498F-A0DF-896610306219}.Debug|Any CPU.ActiveCfg = Debug|Any CPU
		{91A81CDF-F3D6-498F-A0DF-896610306219}.Debug|Any CPU.Build.0 = Debug|Any CPU
		{91A81CDF-F3D6-498F-A0DF-896610306219}.Release|Any CPU.ActiveCfg = Release|Any CPU
		{91A81CDF-F3D6-498F-A0DF-896610306219}.Release|Any CPU.Build.0 = Release|Any CPU
	EndGlobalSection
	GlobalSection(SolutionProperties) = preSolution
		HideSolutionNode = FALSE
	EndGlobalSection
	GlobalSection(ExtensibilityGlobals) = postSolution
		SolutionGuid = {4B2E4B99-C296-431F-8440-3238D711E867}
	EndGlobalSection
EndGlobal
